
Microsoft Visual Studio Solution File, Format Version 12.00
# Visual Studio 15
VisualStudioVersion = 15.0.28307.329
MinimumVisualStudioVersion = 10.0.40219.1
Project("{9A19103F-16F7-4668-BE54-9A1E7A4F7556}") = "IntegrationTests", "IntegrationTests\IntegrationTests.csproj", "{921748D0-A73A-4441-ACEF-A5BCEE87AC17}"
EndProject
Project("{9A19103F-16F7-4668-BE54-9A1E7A4F7556}") = "WebApplication1.Api", "WebApplication1.Api\WebApplication1.Api.csproj", "{65586FAE-D1C8-476F-A5A6-5783825501A5}"
EndProject
Project("{9A19103F-16F7-4668-BE54-9A1E7A4F7556}") = "WebApplication1.DataAccess", "WebApplication1.DataAccess\WebApplication1.DataAccess.csproj", "{0BE25F41-6C40-4BA4-BE34-6BB3333A984F}"
EndProject
Global
	GlobalSection(SolutionConfigurationPlatforms) = preSolution
		Debug|Any CPU = Debug|Any CPU
		Release|Any CPU = Release|Any CPU
	EndGlobalSection
	GlobalSection(ProjectConfigurationPlatforms) = postSolution
		{921748D0-A73A-4441-ACEF-A5BCEE87AC17}.Debug|Any CPU.ActiveCfg = Debug|Any CPU
		{921748D0-A73A-4441-ACEF-A5BCEE87AC17}.Debug|Any CPU.Build.0 = Debug|Any CPU
		{921748D0-A73A-4441-ACEF-A5BCEE87AC17}.Release|Any CPU.ActiveCfg = Release|Any CPU
		{921748D0-A73A-4441-ACEF-A5BCEE87AC17}.Release|Any CPU.Build.0 = Release|Any CPU
		{65586FAE-D1C8-476F-A5A6-5783825501A5}.Debug|Any CPU.ActiveCfg = Debug|Any CPU
		{65586FAE-D1C8-476F-A5A6-5783825501A5}.Debug|Any CPU.Build.0 = Debug|Any CPU
		{65586FAE-D1C8-476F-A5A6-5783825501A5}.Release|Any CPU.ActiveCfg = Release|Any CPU
		{65586FAE-D1C8-476F-A5A6-5783825501A5}.Release|Any CPU.Build.0 = Release|Any CPU
		{0BE25F41-6C40-4BA4-BE34-6BB3333A984F}.Debug|Any CPU.ActiveCfg = Debug|Any CPU
		{0BE25F41-6C40-4BA4-BE34-6BB3333A984F}.Debug|Any CPU.Build.0 = Debug|Any CPU
		{0BE25F41-6C40-4BA4-BE34-6BB3333A984F}.Release|Any CPU.ActiveCfg = Release|Any CPU
		{0BE25F41-6C40-4BA4-BE34-6BB3333A984F}.Release|Any CPU.Build.0 = Release|Any CPU
	EndGlobalSection
	GlobalSection(SolutionProperties) = preSolution
		HideSolutionNode = FALSE
	EndGlobalSection
	GlobalSection(ExtensibilityGlobals) = postSolution
		SolutionGuid = {725E69BD-C67E-42F1-A5F6-6772F6A955E8}
	EndGlobalSection
EndGlobal
